// !$*UTF8*$!
{
	archiveVersion = 1;
	classes = {
	};
	objectVersion = 50;
	objects = {

/* Begin PBXBuildFile section */
		82881CF823C45EA70028CB46 /* AppDelegate.swift in Sources */ = {isa = PBXBuildFile; fileRef = 82881CF723C45EA70028CB46 /* AppDelegate.swift */; };
		82881CFA23C45EA70028CB46 /* SceneDelegate.swift in Sources */ = {isa = PBXBuildFile; fileRef = 82881CF923C45EA70028CB46 /* SceneDelegate.swift */; };
		82881CFC23C45EA70028CB46 /* ViewController.swift in Sources */ = {isa = PBXBuildFile; fileRef = 82881CFB23C45EA70028CB46 /* ViewController.swift */; };
		82881CFF23C45EA70028CB46 /* Main.storyboard in Resources */ = {isa = PBXBuildFile; fileRef = 82881CFD23C45EA70028CB46 /* Main.storyboard */; };
		82881D0223C45EA70028CB46 /* UItableviewCustomcell.xcdatamodeld in Sources */ = {isa = PBXBuildFile; fileRef = 82881D0023C45EA70028CB46 /* UItableviewCustomcell.xcdatamodeld */; };
		82881D0423C45EB20028CB46 /* Assets.xcassets in Resources */ = {isa = PBXBuildFile; fileRef = 82881D0323C45EB20028CB46 /* Assets.xcassets */; };
		82881D0723C45EB20028CB46 /* LaunchScreen.storyboard in Resources */ = {isa = PBXBuildFile; fileRef = 82881D0523C45EB20028CB46 /* LaunchScreen.storyboard */; };
		82881D1223C45EB20028CB46 /* UItableviewCustomcellTests.swift in Sources */ = {isa = PBXBuildFile; fileRef = 82881D1123C45EB20028CB46 /* UItableviewCustomcellTests.swift */; };
		82881D1D23C45EB20028CB46 /* UItableviewCustomcellUITests.swift in Sources */ = {isa = PBXBuildFile; fileRef = 82881D1C23C45EB20028CB46 /* UItableviewCustomcellUITests.swift */; };
		82881D2C23C45F900028CB46 /* TableViewCell1.swift in Sources */ = {isa = PBXBuildFile; fileRef = 82881D2A23C45F900028CB46 /* TableViewCell1.swift */; };
		82881D2D23C45F900028CB46 /* TableViewCell1.xib in Resources */ = {isa = PBXBuildFile; fileRef = 82881D2B23C45F900028CB46 /* TableViewCell1.xib */; };
		82881D3023C473DC0028CB46 /* SCViewController.swift in Sources */ = {isa = PBXBuildFile; fileRef = 82881D2E23C473DC0028CB46 /* SCViewController.swift */; };
/* End PBXBuildFile section */

/* Begin PBXContainerItemProxy section */
		82881D0E23C45EB20028CB46 /* PBXContainerItemProxy */ = {
			isa = PBXContainerItemProxy;
			containerPortal = 82881CEC23C45EA60028CB46 /* Project object */;
			proxyType = 1;
			remoteGlobalIDString = 82881CF323C45EA70028CB46;
			remoteInfo = UItableviewCustomcell;
		};
		82881D1923C45EB20028CB46 /* PBXContainerItemProxy */ = {
			isa = PBXContainerItemProxy;
			containerPortal = 82881CEC23C45EA60028CB46 /* Project object */;
			proxyType = 1;
			remoteGlobalIDString = 82881CF323C45EA70028CB46;
			remoteInfo = UItableviewCustomcell;
		};
/* End PBXContainerItemProxy section */

/* Begin PBXFileReference section */
		82881CF423C45EA70028CB46 /* UItableviewCustomcell.app */ = {isa = PBXFileReference; explicitFileType = wrapper.application; includeInIndex = 0; path = UItableviewCustomcell.app; sourceTree = BUILT_PRODUCTS_DIR; };
		82881CF723C45EA70028CB46 /* AppDelegate.swift */ = {isa = PBXFileReference; lastKnownFileType = sourcecode.swift; path = AppDelegate.swift; sourceTree = "<group>"; };
		82881CF923C45EA70028CB46 /* SceneDelegate.swift */ = {isa = PBXFileReference; lastKnownFileType = sourcecode.swift; path = SceneDelegate.swift; sourceTree = "<group>"; };
		82881CFB23C45EA70028CB46 /* ViewController.swift */ = {isa = PBXFileReference; lastKnownFileType = sourcecode.swift; path = ViewController.swift; sourceTree = "<group>"; };
		82881CFE23C45EA70028CB46 /* Base */ = {isa = PBXFileReference; lastKnownFileType = file.storyboard; name = Base; path = Base.lproj/Main.storyboard; sourceTree = "<group>"; };
		82881D0123C45EA70028CB46 /* UItableviewCustomcell.xcdatamodel */ = {isa = PBXFileReference; lastKnownFileType = wrapper.xcdatamodel; path = UItableviewCustomcell.xcdatamodel; sourceTree = "<group>"; };
		82881D0323C45EB20028CB46 /* Assets.xcassets */ = {isa = PBXFileReference; lastKnownFileType = folder.assetcatalog; path = Assets.xcassets; sourceTree = "<group>"; };
		82881D0623C45EB20028CB46 /* Base */ = {isa = PBXFileReference; lastKnownFileType = file.storyboard; name = Base; path = Base.lproj/LaunchScreen.storyboard; sourceTree = "<group>"; };
		82881D0823C45EB20028CB46 /* Info.plist */ = {isa = PBXFileReference; lastKnownFileType = text.plist.xml; path = Info.plist; sourceTree = "<group>"; };
		82881D0D23C45EB20028CB46 /* UItableviewCustomcellTests.xctest */ = {isa = PBXFileReference; explicitFileType = wrapper.cfbundle; includeInIndex = 0; path = UItableviewCustomcellTests.xctest; sourceTree = BUILT_PRODUCTS_DIR; };
		82881D1123C45EB20028CB46 /* UItableviewCustomcellTests.swift */ = {isa = PBXFileReference; lastKnownFileType = sourcecode.swift; path = UItableviewCustomcellTests.swift; sourceTree = "<group>"; };
		82881D1323C45EB20028CB46 /* Info.plist */ = {isa = PBXFileReference; lastKnownFileType = text.plist.xml; path = Info.plist; sourceTree = "<group>"; };
		82881D1823C45EB20028CB46 /* UItableviewCustomcellUITests.xctest */ = {isa = PBXFileReference; explicitFileType = wrapper.cfbundle; includeInIndex = 0; path = UItableviewCustomcellUITests.xctest; sourceTree = BUILT_PRODUCTS_DIR; };
		82881D1C23C45EB20028CB46 /* UItableviewCustomcellUITests.swift */ = {isa = PBXFileReference; lastKnownFileType = sourcecode.swift; path = UItableviewCustomcellUITests.swift; sourceTree = "<group>"; };
		82881D1E23C45EB20028CB46 /* Info.plist */ = {isa = PBXFileReference; lastKnownFileType = text.plist.xml; path = Info.plist; sourceTree = "<group>"; };
		82881D2A23C45F900028CB46 /* TableViewCell1.swift */ = {isa = PBXFileReference; lastKnownFileType = sourcecode.swift; path = TableViewCell1.swift; sourceTree = "<group>"; };
		82881D2B23C45F900028CB46 /* TableViewCell1.xib */ = {isa = PBXFileReference; lastKnownFileType = file.xib; path = TableViewCell1.xib; sourceTree = "<group>"; };
		82881D2E23C473DC0028CB46 /* SCViewController.swift */ = {isa = PBXFileReference; lastKnownFileType = sourcecode.swift; path = SCViewController.swift; sourceTree = "<group>"; };
/* End PBXFileReference section */

/* Begin PBXFrameworksBuildPhase section */
		82881CF123C45EA70028CB46 /* Frameworks */ = {
			isa = PBXFrameworksBuildPhase;
			buildActionMask = 2147483647;
			files = (
			);
			runOnlyForDeploymentPostprocessing = 0;
		};
		82881D0A23C45EB20028CB46 /* Frameworks */ = {
			isa = PBXFrameworksBuildPhase;
			buildActionMask = 2147483647;
			files = (
			);
			runOnlyForDeploymentPostprocessing = 0;
		};
		82881D1523C45EB20028CB46 /* Frameworks */ = {
			isa = PBXFrameworksBuildPhase;
			buildActionMask = 2147483647;
			files = (
			);
			runOnlyForDeploymentPostprocessing = 0;
		};
/* End PBXFrameworksBuildPhase section */

/* Begin PBXGroup section */
		82881CEB23C45EA60028CB46 = {
			isa = PBXGroup;
			children = (
				82881CF623C45EA70028CB46 /* UItableviewCustomcell */,
				82881D1023C45EB20028CB46 /* UItableviewCustomcellTests */,
				82881D1B23C45EB20028CB46 /* UItableviewCustomcellUITests */,
				82881CF523C45EA70028CB46 /* Products */,
			);
			sourceTree = "<group>";
		};
		82881CF523C45EA70028CB46 /* Products */ = {
			isa = PBXGroup;
			children = (
				82881CF423C45EA70028CB46 /* UItableviewCustomcell.app */,
				82881D0D23C45EB20028CB46 /* UItableviewCustomcellTests.xctest */,
				82881D1823C45EB20028CB46 /* UItableviewCustomcellUITests.xctest */,
			);
			name = Products;
			sourceTree = "<group>";
		};
		82881CF623C45EA70028CB46 /* UItableviewCustomcell */ = {
			isa = PBXGroup;
			children = (
				82881CF723C45EA70028CB46 /* AppDelegate.swift */,
				82881CF923C45EA70028CB46 /* SceneDelegate.swift */,
				82881CFB23C45EA70028CB46 /* ViewController.swift */,
				82881D2E23C473DC0028CB46 /* SCViewController.swift */,
				82881CFD23C45EA70028CB46 /* Main.storyboard */,
				82881D0323C45EB20028CB46 /* Assets.xcassets */,
				82881D0523C45EB20028CB46 /* LaunchScreen.storyboard */,
				82881D0823C45EB20028CB46 /* Info.plist */,
				82881D0023C45EA70028CB46 /* UItableviewCustomcell.xcdatamodeld */,
				82881D2A23C45F900028CB46 /* TableViewCell1.swift */,
				82881D2B23C45F900028CB46 /* TableViewCell1.xib */,
			);
			path = UItableviewCustomcell;
			sourceTree = "<group>";
		};
		82881D1023C45EB20028CB46 /* UItableviewCustomcellTests */ = {
			isa = PBXGroup;
			children = (
				82881D1123C45EB20028CB46 /* UItableviewCustomcellTests.swift */,
				82881D1323C45EB20028CB46 /* Info.plist */,
			);
			path = UItableviewCustomcellTests;
			sourceTree = "<group>";
		};
		82881D1B23C45EB20028CB46 /* UItableviewCustomcellUITests */ = {
			isa = PBXGroup;
			children = (
				82881D1C23C45EB20028CB46 /* UItableviewCustomcellUITests.swift */,
				82881D1E23C45EB20028CB46 /* Info.plist */,
			);
			path = UItableviewCustomcellUITests;
			sourceTree = "<group>";
		};
/* End PBXGroup section */

/* Begin PBXNativeTarget section */
		82881CF323C45EA70028CB46 /* UItableviewCustomcell */ = {
			isa = PBXNativeTarget;
			buildConfigurationList = 82881D2123C45EB20028CB46 /* Build configuration list for PBXNativeTarget "UItableviewCustomcell" */;
			buildPhases = (
				82881CF023C45EA70028CB46 /* Sources */,
				82881CF123C45EA70028CB46 /* Frameworks */,
				82881CF223C45EA70028CB46 /* Resources */,
			);
			buildRules = (
			);
			dependencies = (
			);
			name = UItableviewCustomcell;
			productName = UItableviewCustomcell;
			productReference = 82881CF423C45EA70028CB46 /* UItableviewCustomcell.app */;
			productType = "com.apple.product-type.application";
		};
		82881D0C23C45EB20028CB46 /* UItableviewCustomcellTests */ = {
			isa = PBXNativeTarget;
			buildConfigurationList = 82881D2423C45EB20028CB46 /* Build configuration list for PBXNativeTarget "UItableviewCustomcellTests" */;
			buildPhases = (
				82881D0923C45EB20028CB46 /* Sources */,
				82881D0A23C45EB20028CB46 /* Frameworks */,
				82881D0B23C45EB20028CB46 /* Resources */,
			);
			buildRules = (
			);
			dependencies = (
				82881D0F23C45EB20028CB46 /* PBXTargetDependency */,
			);
			name = UItableviewCustomcellTests;
			productName = UItableviewCustomcellTests;
			productReference = 82881D0D23C45EB20028CB46 /* UItableviewCustomcellTests.xctest */;
			productType = "com.apple.product-type.bundle.unit-test";
		};
		82881D1723C45EB20028CB46 /* UItableviewCustomcellUITests */ = {
			isa = PBXNativeTarget;
			buildConfigurationList = 82881D2723C45EB20028CB46 /* Build configuration list for PBXNativeTarget "UItableviewCustomcellUITests" */;
			buildPhases = (
				82881D1423C45EB20028CB46 /* Sources */,
				82881D1523C45EB20028CB46 /* Frameworks */,
				82881D1623C45EB20028CB46 /* Resources */,
			);
			buildRules = (
			);
			dependencies = (
				82881D1A23C45EB20028CB46 /* PBXTargetDependency */,
			);
			name = UItableviewCustomcellUITests;
			productName = UItableviewCustomcellUITests;
			productReference = 82881D1823C45EB20028CB46 /* UItableviewCustomcellUITests.xctest */;
			productType = "com.apple.product-type.bundle.ui-testing";
		};
/* End PBXNativeTarget section */

/* Begin PBXProject section */
		82881CEC23C45EA60028CB46 /* Project object */ = {
			isa = PBXProject;
			attributes = {
				LastSwiftUpdateCheck = 1110;
				LastUpgradeCheck = 1110;
				ORGANIZATIONNAME = "A RAJU";
				TargetAttributes = {
					82881CF323C45EA70028CB46 = {
						CreatedOnToolsVersion = 11.1;
					};
					82881D0C23C45EB20028CB46 = {
						CreatedOnToolsVersion = 11.1;
						TestTargetID = 82881CF323C45EA70028CB46;
					};
					82881D1723C45EB20028CB46 = {
						CreatedOnToolsVersion = 11.1;
						TestTargetID = 82881CF323C45EA70028CB46;
					};
				};
			};
			buildConfigurationList = 82881CEF23C45EA60028CB46 /* Build configuration list for PBXProject "UItableviewCustomcell" */;
			compatibilityVersion = "Xcode 9.3";
			developmentRegion = en;
			hasScannedForEncodings = 0;
			knownRegions = (
				en,
				Base,
			);
			mainGroup = 82881CEB23C45EA60028CB46;
			productRefGroup = 82881CF523C45EA70028CB46 /* Products */;
			projectDirPath = "";
			projectRoot = "";
			targets = (
				82881CF323C45EA70028CB46 /* UItableviewCustomcell */,
				82881D0C23C45EB20028CB46 /* UItableviewCustomcellTests */,
				82881D1723C45EB20028CB46 /* UItableviewCustomcellUITests */,
			);
		};
/* End PBXProject section */

/* Begin PBXResourcesBuildPhase section */
		82881CF223C45EA70028CB46 /* Resources */ = {
			isa = PBXResourcesBuildPhase;
			buildActionMask = 2147483647;
			files = (
				82881D0723C45EB20028CB46 /* LaunchScreen.storyboard in Resources */,
				82881D0423C45EB20028CB46 /* Assets.xcassets in Resources */,
				82881CFF23C45EA70028CB46 /* Main.storyboard in Resources */,
				82881D2D23C45F900028CB46 /* TableViewCell1.xib in Resources */,
			);
			runOnlyForDeploymentPostprocessing = 0;
		};
		82881D0B23C45EB20028CB46 /* Resources */ = {
			isa = PBXResourcesBuildPhase;
			buildActionMask = 2147483647;
			files = (
			);
			runOnlyForDeploymentPostprocessing = 0;
		};
		82881D1623C45EB20028CB46 /* Resources */ = {
			isa = PBXResourcesBuildPhase;
			buildActionMask = 2147483647;
			files = (
			);
			runOnlyForDeploymentPostprocessing = 0;
		};
/* End PBXResourcesBuildPhase section */

/* Begin PBXSourcesBuildPhase section */
		82881CF023C45EA70028CB46 /* Sources */ = {
			isa = PBXSourcesBuildPhase;
			buildActionMask = 2147483647;
			files = (
				82881D3023C473DC0028CB46 /* SCViewController.swift in Sources */,
				82881D2C23C45F900028CB46 /* TableViewCell1.swift in Sources */,
				82881CFC23C45EA70028CB46 /* ViewController.swift in Sources */,
				82881CF823C45EA70028CB46 /* AppDelegate.swift in Sources */,
				82881D0223C45EA70028CB46 /* UItableviewCustomcell.xcdatamodeld in Sources */,
				82881CFA23C45EA70028CB46 /* SceneDelegate.swift in Sources */,
			);
			runOnlyForDeploymentPostprocessing = 0;
		};
		82881D0923C45EB20028CB46 /* Sources */ = {
			isa = PBXSourcesBuildPhase;
			buildActionMask = 2147483647;
			files = (
				82881D1223C45EB20028CB46 /* UItableviewCustomcellTests.swift in Sources */,
			);
			runOnlyForDeploymentPostprocessing = 0;
		};
		82881D1423C45EB20028CB46 /* Sources */ = {
			isa = PBXSourcesBuildPhase;
			buildActionMask = 2147483647;
			files = (
				82881D1D23C45EB20028CB46 /* UItableviewCustomcellUITests.swift in Sources */,
			);
			runOnlyForDeploymentPostprocessing = 0;
		};
/* End PBXSourcesBuildPhase section */

/* Begin PBXTargetDependency section */
		82881D0F23C45EB20028CB46 /* PBXTargetDependency */ = {
			isa = PBXTargetDependency;
			target = 82881CF323C45EA70028CB46 /* UItableviewCustomcell */;
			targetProxy = 82881D0E23C45EB20028CB46 /* PBXContainerItemProxy */;
		};
		82881D1A23C45EB20028CB46 /* PBXTargetDependency */ = {
			isa = PBXTargetDependency;
			target = 82881CF323C45EA70028CB46 /* UItableviewCustomcell */;
			targetProxy = 82881D1923C45EB20028CB46 /* PBXContainerItemProxy */;
		};
/* End PBXTargetDependency section */

/* Begin PBXVariantGroup section */
		82881CFD23C45EA70028CB46 /* Main.storyboard */ = {
			isa = PBXVariantGroup;
			children = (
				82881CFE23C45EA70028CB46 /* Base */,
			);
			name = Main.storyboard;
			sourceTree = "<group>";
		};
		82881D0523C45EB20028CB46 /* LaunchScreen.storyboard */ = {
			isa = PBXVariantGroup;
			children = (
				82881D0623C45EB20028CB46 /* Base */,
			);
			name = LaunchScreen.storyboard;
			sourceTree = "<group>";
		};
/* End PBXVariantGroup section */

/* Begin XCBuildConfiguration section */
		82881D1F23C45EB20028CB46 /* Debug */ = {
			isa = XCBuildConfiguration;
			buildSettings = {
				ALWAYS_SEARCH_USER_PATHS = NO;
				CLANG_ANALYZER_NONNULL = YES;
				CLANG_ANALYZER_NUMBER_OBJECT_CONVERSION = YES_AGGRESSIVE;
				CLANG_CXX_LANGUAGE_STANDARD = "gnu++14";
				CLANG_CXX_LIBRARY = "libc++";
				CLANG_ENABLE_MODULES = YES;
				CLANG_ENABLE_OBJC_ARC = YES;
				CLANG_ENABLE_OBJC_WEAK = YES;
				CLANG_WARN_BLOCK_CAPTURE_AUTORELEASING = YES;
				CLANG_WARN_BOOL_CONVERSION = YES;
				CLANG_WARN_COMMA = YES;
				CLANG_WARN_CONSTANT_CONVERSION = YES;
				CLANG_WARN_DEPRECATED_OBJC_IMPLEMENTATIONS = YES;
				CLANG_WARN_DIRECT_OBJC_ISA_USAGE = YES_ERROR;
				CLANG_WARN_DOCUMENTATION_COMMENTS = YES;
				CLANG_WARN_EMPTY_BODY = YES;
				CLANG_WARN_ENUM_CONVERSION = YES;
				CLANG_WARN_INFINITE_RECURSION = YES;
				CLANG_WARN_INT_CONVERSION = YES;
				CLANG_WARN_NON_LITERAL_NULL_CONVERSION = YES;
				CLANG_WARN_OBJC_IMPLICIT_RETAIN_SELF = YES;
				CLANG_WARN_OBJC_LITERAL_CONVERSION = YES;
				CLANG_WARN_OBJC_ROOT_CLASS = YES_ERROR;
				CLANG_WARN_RANGE_LOOP_ANALYSIS = YES;
				CLANG_WARN_STRICT_PROTOTYPES = YES;
				CLANG_WARN_SUSPICIOUS_MOVE = YES;
				CLANG_WARN_UNGUARDED_AVAILABILITY = YES_AGGRESSIVE;
				CLANG_WARN_UNREACHABLE_CODE = YES;
				CLANG_WARN__DUPLICATE_METHOD_MATCH = YES;
				COPY_PHASE_STRIP = NO;
				DEBUG_INFORMATION_FORMAT = dwarf;
				ENABLE_STRICT_OBJC_MSGSEND = YES;
				ENABLE_TESTABILITY = YES;
				GCC_C_LANGUAGE_STANDARD = gnu11;
				GCC_DYNAMIC_NO_PIC = NO;
				GCC_NO_COMMON_BLOCKS = YES;
				GCC_OPTIMIZATION_LEVEL = 0;
				GCC_PREPROCESSOR_DEFINITIONS = (
					"DEBUG=1",
					"$(inherited)",
				);
				GCC_WARN_64_TO_32_BIT_CONVERSION = YES;
				GCC_WARN_ABOUT_RETURN_TYPE = YES_ERROR;
				GCC_WARN_UNDECLARED_SELECTOR = YES;
				GCC_WARN_UNINITIALIZED_AUTOS = YES_AGGRESSIVE;
				GCC_WARN_UNUSED_FUNCTION = YES;
				GCC_WARN_UNUSED_VARIABLE = YES;
				IPHONEOS_DEPLOYMENT_TARGET = 13.1;
				MTL_ENABLE_DEBUG_INFO = INCLUDE_SOURCE;
				MTL_FAST_MATH = YES;
				ONLY_ACTIVE_ARCH = YES;
				SDKROOT = iphoneos;
				SWIFT_ACTIVE_COMPILATION_CONDITIONS = DEBUG;
				SWIFT_OPTIMIZATION_LEVEL = "-Onone";
			};
			name = Debug;
		};
		82881D2023C45EB20028CB46 /* Release */ = {
			isa = XCBuildConfiguration;
			buildSettings = {
				ALWAYS_SEARCH_USER_PATHS = NO;
				CLANG_ANALYZER_NONNULL = YES;
				CLANG_ANALYZER_NUMBER_OBJECT_CONVERSION = YES_AGGRESSIVE;
				CLANG_CXX_LANGUAGE_STANDARD = "gnu++14";
				CLANG_CXX_LIBRARY = "libc++";
				CLANG_ENABLE_MODULES = YES;
				CLANG_ENABLE_OBJC_ARC = YES;
				CLANG_ENABLE_OBJC_WEAK = YES;
				CLANG_WARN_BLOCK_CAPTURE_AUTORELEASING = YES;
				CLANG_WARN_BOOL_CONVERSION = YES;
				CLANG_WARN_COMMA = YES;
				CLANG_WARN_CONSTANT_CONVERSION = YES;
				CLANG_WARN_DEPRECATED_OBJC_IMPLEMENTATIONS = YES;
				CLANG_WARN_DIRECT_OBJC_ISA_USAGE = YES_ERROR;
				CLANG_WARN_DOCUMENTATION_COMMENTS = YES;
				CLANG_WARN_EMPTY_BODY = YES;
				CLANG_WARN_ENUM_CONVERSION = YES;
				CLANG_WARN_INFINITE_RECURSION = YES;
				CLANG_WARN_INT_CONVERSION = YES;
				CLANG_WARN_NON_LITERAL_NULL_CONVERSION = YES;
				CLANG_WARN_OBJC_IMPLICIT_RETAIN_SELF = YES;
				CLANG_WARN_OBJC_LITERAL_CONVERSION = YES;
				CLANG_WARN_OBJC_ROOT_CLASS = YES_ERROR;
				CLANG_WARN_RANGE_LOOP_ANALYSIS = YES;
				CLANG_WARN_STRICT_PROTOTYPES = YES;
				CLANG_WARN_SUSPICIOUS_MOVE = YES;
				CLANG_WARN_UNGUARDED_AVAILABILITY = YES_AGGRESSIVE;
				CLANG_WARN_UNREACHABLE_CODE = YES;
				CLANG_WARN__DUPLICATE_METHOD_MATCH = YES;
				COPY_PHASE_STRIP = NO;
				DEBUG_INFORMATION_FORMAT = "dwarf-with-dsym";
				ENABLE_NS_ASSERTIONS = NO;
				ENABLE_STRICT_OBJC_MSGSEND = YES;
				GCC_C_LANGUAGE_STANDARD = gnu11;
				GCC_NO_COMMON_BLOCKS = YES;
				GCC_WARN_64_TO_32_BIT_CONVERSION = YES;
				GCC_WARN_ABOUT_RETURN_TYPE = YES_ERROR;
				GCC_WARN_UNDECLARED_SELECTOR = YES;
				GCC_WARN_UNINITIALIZED_AUTOS = YES_AGGRESSIVE;
				GCC_WARN_UNUSED_FUNCTION = YES;
				GCC_WARN_UNUSED_VARIABLE = YES;
				IPHONEOS_DEPLOYMENT_TARGET = 13.1;
				MTL_ENABLE_DEBUG_INFO = NO;
				MTL_FAST_MATH = YES;
				SDKROOT = iphoneos;
				SWIFT_COMPILATION_MODE = wholemodule;
				SWIFT_OPTIMIZATION_LEVEL = "-O";
				VALIDATE_PRODUCT = YES;
			};
			name = Release;
		};
		82881D2223C45EB20028CB46 /* Debug */ = {
			isa = XCBuildConfiguration;
			buildSettings = {
				ASSETCATALOG_COMPILER_APPICON_NAME = AppIcon;
				CODE_SIGN_STYLE = Automatic;
				INFOPLIST_FILE = UItableviewCustomcell/Info.plist;
				LD_RUNPATH_SEARCH_PATHS = (
					"$(inherited)",
					"@executable_path/Frameworks",
				);
				PRODUCT_BUNDLE_IDENTIFIER = "ios-programmes.UItableviewCustomcell";
				PRODUCT_NAME = "$(TARGET_NAME)";
				SWIFT_VERSION = 5.0;
				TARGETED_DEVICE_FAMILY = "1,2";
			};
			name = Debug;
		};
		82881D2323C45EB20028CB46 /* Release */ = {
			isa = XCBuildConfiguration;
			buildSettings = {
				ASSETCATALOG_COMPILER_APPICON_NAME = AppIcon;
				CODE_SIGN_STYLE = Automatic;
				INFOPLIST_FILE = UItableviewCustomcell/Info.plist;
				LD_RUNPATH_SEARCH_PATHS = (
					"$(inherited)",
					"@executable_path/Frameworks",
				);
				PRODUCT_BUNDLE_IDENTIFIER = "ios-programmes.UItableviewCustomcell";
				PRODUCT_NAME = "$(TARGET_NAME)";
				SWIFT_VERSION = 5.0;
				TARGETED_DEVICE_FAMILY = "1,2";
			};
			name = Release;
		};
		82881D2523C45EB20028CB46 /* Debug */ = {
			isa = XCBuildConfiguration;
			buildSettings = {
				ALWAYS_EMBED_SWIFT_STANDARD_LIBRARIES = YES;
				BUNDLE_LOADER = "$(TEST_HOST)";
				CODE_SIGN_STYLE = Automatic;
				INFOPLIST_FILE = UItableviewCustomcellTests/Info.plist;
				IPHONEOS_DEPLOYMENT_TARGET = 13.1;
				LD_RUNPATH_SEARCH_PATHS = (
					"$(inherited)",
					"@executable_path/Frameworks",
					"@loader_path/Frameworks",
				);
				PRODUCT_BUNDLE_IDENTIFIER = "ios-programmes.UItableviewCustomcellTests";
				PRODUCT_NAME = "$(TARGET_NAME)";
				SWIFT_VERSION = 5.0;
				TARGETED_DEVICE_FAMILY = "1,2";
				TEST_HOST = "$(BUILT_PRODUCTS_DIR)/UItableviewCustomcell.app/UItableviewCustomcell";
			};
			name = Debug;
		};
		82881D2623C45EB20028CB46 /* Release */ = {
			isa = XCBuildConfiguration;
			buildSettings = {
				ALWAYS_EMBED_SWIFT_STANDARD_LIBRARIES = YES;
				BUNDLE_LOADER = "$(TEST_HOST)";
				CODE_SIGN_STYLE = Automatic;
				INFOPLIST_FILE = UItableviewCustomcellTests/Info.plist;
				IPHONEOS_DEPLOYMENT_TARGET = 13.1;
				LD_RUNPATH_SEARCH_PATHS = (
					"$(inherited)",
					"@executable_path/Frameworks",
					"@loader_path/Frameworks",
				);
				PRODUCT_BUNDLE_IDENTIFIER = "ios-programmes.UItableviewCustomcellTests";
				PRODUCT_NAME = "$(TARGET_NAME)";
				SWIFT_VERSION = 5.0;
				TARGETED_DEVICE_FAMILY = "1,2";
				TEST_HOST = "$(BUILT_PRODUCTS_DIR)/UItableviewCustomcell.app/UItableviewCustomcell";
			};
			name = Release;
		};
		82881D2823C45EB20028CB46 /* Debug */ = {
			isa = XCBuildConfiguration;
			buildSettings = {
				ALWAYS_EMBED_SWIFT_STANDARD_LIBRARIES = YES;
				CODE_SIGN_STYLE = Automatic;
				INFOPLIST_FILE = UItableviewCustomcellUITests/Info.plist;
				LD_RUNPATH_SEARCH_PATHS = (
					"$(inherited)",
					"@executable_path/Frameworks",
					"@loader_path/Frameworks",
				);
				PRODUCT_BUNDLE_IDENTIFIER = "ios-programmes.UItableviewCustomcellUITests";
				PRODUCT_NAME = "$(TARGET_NAME)";
				SWIFT_VERSION = 5.0;
				TARGETED_DEVICE_FAMILY = "1,2";
				TEST_TARGET_NAME = UItableviewCustomcell;
			};
			name = Debug;
		};
		82881D2923C45EB20028CB46 /* Release */ = {
			isa = XCBuildConfiguration;
			buildSettings = {
				ALWAYS_EMBED_SWIFT_STANDARD_LIBRARIES = YES;
				CODE_SIGN_STYLE = Automatic;
				INFOPLIST_FILE = UItableviewCustomcellUITests/Info.plist;
				LD_RUNPATH_SEARCH_PATHS = (
					"$(inherited)",
					"@executable_path/Frameworks",
					"@loader_path/Frameworks",
				);
				PRODUCT_BUNDLE_IDENTIFIER = "ios-programmes.UItableviewCustomcellUITests";
				PRODUCT_NAME = "$(TARGET_NAME)";
				SWIFT_VERSION = 5.0;
				TARGETED_DEVICE_FAMILY = "1,2";
				TEST_TARGET_NAME = UItableviewCustomcell;
			};
			name = Release;
		};
/* End XCBuildConfiguration section */

/* Begin XCConfigurationList section */
		82881CEF23C45EA60028CB46 /* Build configuration list for PBXProject "UItableviewCustomcell" */ = {
			isa = XCConfigurationList;
			buildConfigurations = (
				82881D1F23C45EB20028CB46 /* Debug */,
				82881D2023C45EB20028CB46 /* Release */,
			);
			defaultConfigurationIsVisible = 0;
			defaultConfigurationName = Release;
		};
		82881D2123C45EB20028CB46 /* Build configuration list for PBXNativeTarget "UItableviewCustomcell" */ = {
			isa = XCConfigurationList;
			buildConfigurations = (
				82881D2223C45EB20028CB46 /* Debug */,
				82881D2323C45EB20028CB46 /* Release */,
			);
			defaultConfigurationIsVisible = 0;
			defaultConfigurationName = Release;
		};
		82881D2423C45EB20028CB46 /* Build configuration list for PBXNativeTarget "UItableviewCustomcellTests" */ = {
			isa = XCConfigurationList;
			buildConfigurations = (
				82881D2523C45EB20028CB46 /* Debug */,
				82881D2623C45EB20028CB46 /* Release */,
			);
			defaultConfigurationIsVisible = 0;
			defaultConfigurationName = Release;
		};
		82881D2723C45EB20028CB46 /* Build configuration list for PBXNativeTarget "UItableviewCustomcellUITests" */ = {
			isa = XCConfigurationList;
			buildConfigurations = (
				82881D2823C45EB20028CB46 /* Debug */,
				82881D2923C45EB20028CB46 /* Release */,
			);
			defaultConfigurationIsVisible = 0;
			defaultConfigurationName = Release;
		};
/* End XCConfigurationList section */

/* Begin XCVersionGroup section */
		82881D0023C45EA70028CB46 /* UItableviewCustomcell.xcdatamodeld */ = {
			isa = XCVersionGroup;
			children = (
				82881D0123C45EA70028CB46 /* UItableviewCustomcell.xcdatamodel */,
			);
			currentVersion = 82881D0123C45EA70028CB46 /* UItableviewCustomcell.xcdatamodel */;
			path = UItableviewCustomcell.xcdatamodeld;
			sourceTree = "<group>";
			versionGroupType = wrapper.xcdatamodel;
		};
/* End XCVersionGroup section */
	};
	rootObject = 82881CEC23C45EA60028CB46 /* Project object */;
}
